
Microsoft Visual Studio Solution File, Format Version 12.00
# Visual Studio Version 17
VisualStudioVersion = 17.8.34511.84
MinimumVisualStudioVersion = 10.0.40219.1
Project("{FAE04EC0-301F-11D3-BF4B-00C04F79EFBC}") = "Ejercicio 41-7", "Ejercicio 41-7.csproj", "{FB8544FE-82C3-4961-9F9B-E5862FC66A17}"
EndProject
Global
	GlobalSection(SolutionConfigurationPlatforms) = preSolution
		Debug|Any CPU = Debug|Any CPU
		Release|Any CPU = Release|Any CPU
	EndGlobalSection
	GlobalSection(ProjectConfigurationPlatforms) = postSolution
		{FB8544FE-82C3-4961-9F9B-E5862FC66A17}.Debug|Any CPU.ActiveCfg = Debug|Any CPU
		{FB8544FE-82C3-4961-9F9B-E5862FC66A17}.Debug|Any CPU.Build.0 = Debug|Any CPU
		{FB8544FE-82C3-4961-9F9B-E5862FC66A17}.Release|Any CPU.ActiveCfg = Release|Any CPU
		{FB8544FE-82C3-4961-9F9B-E5862FC66A17}.Release|Any CPU.Build.0 = Release|Any CPU
	EndGlobalSection
	GlobalSection(SolutionProperties) = preSolution
		HideSolutionNode = FALSE
	EndGlobalSection
	GlobalSection(ExtensibilityGlobals) = postSolution
		SolutionGuid = {B26A438F-CC09-4C82-B67F-D6C26C0B4BA0}
	EndGlobalSection
EndGlobal
